
Microsoft Visual Studio Solution File, Format Version 12.00
# Visual Studio Version 17
VisualStudioVersion = 17.9.34607.119
MinimumVisualStudioVersion = 10.0.40219.1
Project("{9A19103F-16F7-4668-BE54-9A1E7A4F7556}") = "BetterWidgets.Wpf", "BetterWidgets.Wpf.csproj", "{187B12CA-2AB9-4C66-AF31-E64908443D85}"
EndProject
Project("{2150E333-8FDC-42A3-9474-1A3956D46DE8}") = "Tests", "Tests", "{75F4BC20-9D9C-44D0-825F-D7A46E2E1175}"
EndProject
Project("{9A19103F-16F7-4668-BE54-9A1E7A4F7556}") = "BetterWidgets.Tests", "..\BetterWidgets.Tests\BetterWidgets.Tests.csproj", "{A6FB3BD5-55D3-4E2C-99CB-ADB269EE4244}"
EndProject
Global
	GlobalSection(SolutionConfigurationPlatforms) = preSolution
		Debug|Any CPU = Debug|Any CPU
		Debug|ARM = Debug|ARM
		Debug|ARM64 = Debug|ARM64
		Debug|x64 = Debug|x64
		Debug|x86 = Debug|x86
		Release|Any CPU = Release|Any CPU
		Release|ARM = Release|ARM
		Release|ARM64 = Release|ARM64
		Release|x64 = Release|x64
		Release|x86 = Release|x86
	EndGlobalSection
	GlobalSection(ProjectConfigurationPlatforms) = postSolution
		{187B12CA-2AB9-4C66-AF31-E64908443D85}.Debug|Any CPU.ActiveCfg = Debug|x64
		{187B12CA-2AB9-4C66-AF31-E64908443D85}.Debug|ARM.ActiveCfg = Debug|x64
		{187B12CA-2AB9-4C66-AF31-E64908443D85}.Debug|ARM64.ActiveCfg = Debug|arm64
		{187B12CA-2AB9-4C66-AF31-E64908443D85}.Debug|x64.ActiveCfg = Debug|x64
		{187B12CA-2AB9-4C66-AF31-E64908443D85}.Debug|x64.Build.0 = Debug|x64
		{187B12CA-2AB9-4C66-AF31-E64908443D85}.Debug|x86.ActiveCfg = Debug|x86
		{187B12CA-2AB9-4C66-AF31-E64908443D85}.Debug|x86.Build.0 = Debug|x86
		{187B12CA-2AB9-4C66-AF31-E64908443D85}.Release|Any CPU.ActiveCfg = Release|x64
		{187B12CA-2AB9-4C66-AF31-E64908443D85}.Release|ARM.ActiveCfg = Release|x64
		{187B12CA-2AB9-4C66-AF31-E64908443D85}.Release|ARM64.ActiveCfg = Release|arm64
		{187B12CA-2AB9-4C66-AF31-E64908443D85}.Release|ARM64.Build.0 = Release|arm64
		{187B12CA-2AB9-4C66-AF31-E64908443D85}.Release|x64.ActiveCfg = Release|x64
		{187B12CA-2AB9-4C66-AF31-E64908443D85}.Release|x64.Build.0 = Release|x64
		{187B12CA-2AB9-4C66-AF31-E64908443D85}.Release|x86.ActiveCfg = Release|x86
		{187B12CA-2AB9-4C66-AF31-E64908443D85}.Release|x86.Build.0 = Release|x86
		{A6FB3BD5-55D3-4E2C-99CB-ADB269EE4244}.Debug|Any CPU.ActiveCfg = Debug|Any CPU
		{A6FB3BD5-55D3-4E2C-99CB-ADB269EE4244}.Debug|Any CPU.Build.0 = Debug|Any CPU
		{A6FB3BD5-55D3-4E2C-99CB-ADB269EE4244}.Debug|ARM.ActiveCfg = Debug|Any CPU
		{A6FB3BD5-55D3-4E2C-99CB-ADB269EE4244}.Debug|ARM.Build.0 = Debug|Any CPU
		{A6FB3BD5-55D3-4E2C-99CB-ADB269EE4244}.Debug|ARM64.ActiveCfg = Debug|Any CPU
		{A6FB3BD5-55D3-4E2C-99CB-ADB269EE4244}.Debug|ARM64.Build.0 = Debug|Any CPU
		{A6FB3BD5-55D3-4E2C-99CB-ADB269EE4244}.Debug|x64.ActiveCfg = Debug|x64
		{A6FB3BD5-55D3-4E2C-99CB-ADB269EE4244}.Debug|x64.Build.0 = Debug|x64
		{A6FB3BD5-55D3-4E2C-99CB-ADB269EE4244}.Debug|x86.ActiveCfg = Debug|x86
		{A6FB3BD5-55D3-4E2C-99CB-ADB269EE4244}.Debug|x86.Build.0 = Debug|x86
		{A6FB3BD5-55D3-4E2C-99CB-ADB269EE4244}.Release|Any CPU.ActiveCfg = Release|Any CPU
		{A6FB3BD5-55D3-4E2C-99CB-ADB269EE4244}.Release|Any CPU.Build.0 = Release|Any CPU
		{A6FB3BD5-55D3-4E2C-99CB-ADB269EE4244}.Release|ARM.ActiveCfg = Release|Any CPU
		{A6FB3BD5-55D3-4E2C-99CB-ADB269EE4244}.Release|ARM.Build.0 = Release|Any CPU
		{A6FB3BD5-55D3-4E2C-99CB-ADB269EE4244}.Release|ARM64.ActiveCfg = Release|ARM64
		{A6FB3BD5-55D3-4E2C-99CB-ADB269EE4244}.Release|ARM64.Build.0 = Release|ARM64
		{A6FB3BD5-55D3-4E2C-99CB-ADB269EE4244}.Release|x64.ActiveCfg = Release|x64
		{A6FB3BD5-55D3-4E2C-99CB-ADB269EE4244}.Release|x64.Build.0 = Release|x64
		{A6FB3BD5-55D3-4E2C-99CB-ADB269EE4244}.Release|x86.ActiveCfg = Release|x86
		{A6FB3BD5-55D3-4E2C-99CB-ADB269EE4244}.Release|x86.Build.0 = Release|x86
	EndGlobalSection
	GlobalSection(SolutionProperties) = preSolution
		HideSolutionNode = FALSE
	EndGlobalSection
	GlobalSection(NestedProjects) = preSolution
		{A6FB3BD5-55D3-4E2C-99CB-ADB269EE4244} = {75F4BC20-9D9C-44D0-825F-D7A46E2E1175}
	EndGlobalSection
	GlobalSection(ExtensibilityGlobals) = postSolution
		SolutionGuid = {8C945AC9-FFA1-4E86-BDD2-AC751FD1BB4C}
	EndGlobalSection
EndGlobal
